FORGE
  remote: https://forgeapi.puppetlabs.com
  specs:
    KyleAnderson-consul (0.4.2)
      nanliu-staging (>= 0.4.0)
      puppetlabs-stdlib (>= 0.1.6)
    andschwa-unattended_upgrades (0.1.2)
    attachmentgenie-ufw (1.4.9)
      puppetlabs-stdlib (>= 2.2.1)
    camptocamp-archive (0.3.4)
    garethr-docker (3.2.0)
      puppetlabs-apt (>= 1.1.0)
      puppetlabs-stdlib (>= 4.1.0)
      stahnma-epel (>= 0.0.6)
    jfryman-nginx (0.2.1)
      puppetlabs-apt (>= 1.0.0)
      puppetlabs-concat (>= 1.1.0)
      puppetlabs-stdlib (>= 3.0.0)
    lynxman-hiera_consul (0.0.2)
    nanliu-staging (1.0.2)
    puppetlabs-apt (1.7.0)
      puppetlabs-stdlib (>= 2.2.1)
    puppetlabs-concat (1.1.2)
      puppetlabs-stdlib (< 5.0.0, >= 3.2.0)
    puppetlabs-git (0.3.0)
      puppetlabs-vcsrepo (>= 0.1.0)
    puppetlabs-stdlib (4.5.0)
    puppetlabs-vcsrepo (1.2.0)
    saz-dnsmasq (1.1.0)
      puppetlabs-stdlib (>= 2.0.0)
    saz-limits (2.1.0)
    saz-locales (2.2.0)
    saz-motd (2.2.0)
    saz-ssh (2.4.0)
      puppetlabs-stdlib (>= 2.2.1)
    saz-sudo (3.0.9)
      puppetlabs-stdlib (>= 2.3.0)
    saz-timezone (3.1.1)
      puppetlabs-stdlib (>= 2.3.0)
    stahnma-epel (1.0.2)

DEPENDENCIES
  KyleAnderson-consul (>= 0)
  andschwa-unattended_upgrades (>= 0)
  attachmentgenie-ufw (>= 0)
  camptocamp-archive (>= 0)
  garethr-docker (>= 0)
  jfryman-nginx (>= 0)
  lynxman-hiera_consul (>= 0)
  puppetlabs-apt (>= 0)
  puppetlabs-git (>= 0)
  puppetlabs-stdlib (>= 0)
  saz-dnsmasq (>= 0)
  saz-limits (>= 0)
  saz-locales (>= 0)
  saz-motd (>= 0)
  saz-ssh (>= 0)
  saz-sudo (>= 0)
  saz-timezone (>= 0)

